
Microsoft Visual Studio Solution File, Format Version 12.00
# Visual Studio Version 16
VisualStudioVersion = 16.0.30320.27
MinimumVisualStudioVersion = 10.0.40219.1
Project("{FAE04EC0-301F-11D3-BF4B-00C04F79EFBC}") = "LoginApplication", "LoginApplication\LoginApplication.csproj", "{FBC79346-E81F-48DC-BB5A-0ECCE7FAA6F6}"
EndProject
Global
	GlobalSection(SolutionConfigurationPlatforms) = preSolution
		Debug|Any CPU = Debug|Any CPU
		Release|Any CPU = Release|Any CPU
	EndGlobalSection
	GlobalSection(ProjectConfigurationPlatforms) = postSolution
		{FBC79346-E81F-48DC-BB5A-0ECCE7FAA6F6}.Debug|Any CPU.ActiveCfg = Debug|Any CPU
		{FBC79346-E81F-48DC-BB5A-0ECCE7FAA6F6}.Debug|Any CPU.Build.0 = Debug|Any CPU
		{FBC79346-E81F-48DC-BB5A-0ECCE7FAA6F6}.Release|Any CPU.ActiveCfg = Release|Any CPU
		{FBC79346-E81F-48DC-BB5A-0ECCE7FAA6F6}.Release|Any CPU.Build.0 = Release|Any CPU
	EndGlobalSection
	GlobalSection(SolutionProperties) = preSolution
		HideSolutionNode = FALSE
	EndGlobalSection
	GlobalSection(ExtensibilityGlobals) = postSolution
		SolutionGuid = {418E6436-B520-47C0-A43A-C1452A35E584}
	EndGlobalSection
EndGlobal
